
Microsoft Visual Studio Solution File, Format Version 12.00
# Visual Studio Version 16
VisualStudioVersion = 16.0.30517.126
MinimumVisualStudioVersion = 10.0.40219.1
Project("{FAE04EC0-301F-11D3-BF4B-00C04F79EFBC}") = "LR12", "LR12.csproj", "{E03C57D3-CBFD-482B-8998-1A95FC948CB7}"
EndProject
Global
	GlobalSection(SolutionConfigurationPlatforms) = preSolution
		Debug|Any CPU = Debug|Any CPU
		Release|Any CPU = Release|Any CPU
	EndGlobalSection
	GlobalSection(ProjectConfigurationPlatforms) = postSolution
		{E03C57D3-CBFD-482B-8998-1A95FC948CB7}.Debug|Any CPU.ActiveCfg = Debug|Any CPU
		{E03C57D3-CBFD-482B-8998-1A95FC948CB7}.Debug|Any CPU.Build.0 = Debug|Any CPU
		{E03C57D3-CBFD-482B-8998-1A95FC948CB7}.Release|Any CPU.ActiveCfg = Release|Any CPU
		{E03C57D3-CBFD-482B-8998-1A95FC948CB7}.Release|Any CPU.Build.0 = Release|Any CPU
	EndGlobalSection
	GlobalSection(SolutionProperties) = preSolution
		HideSolutionNode = FALSE
	EndGlobalSection
	GlobalSection(ExtensibilityGlobals) = postSolution
		SolutionGuid = {D7DF0B6A-30B1-4487-A78D-B5255206D4D1}
	EndGlobalSection
EndGlobal
